
Microsoft Visual Studio Solution File, Format Version 12.00
# Visual Studio 15
VisualStudioVersion = 15.0.28307.572
MinimumVisualStudioVersion = 10.0.40219.1
Project("{9A19103F-16F7-4668-BE54-9A1E7A4F7556}") = "NunitTestConfig", "NunitTestConfig\NunitTestConfig.csproj", "{17240BA8-597D-49AA-9A3D-9F29616001F0}"
EndProject
Global
	GlobalSection(SolutionConfigurationPlatforms) = preSolution
		Debug|Any CPU = Debug|Any CPU
		Prod|Any CPU = Prod|Any CPU
		Release|Any CPU = Release|Any CPU
		Test|Any CPU = Test|Any CPU
	EndGlobalSection
	GlobalSection(ProjectConfigurationPlatforms) = postSolution
		{17240BA8-597D-49AA-9A3D-9F29616001F0}.Debug|Any CPU.ActiveCfg = Debug|Any CPU
		{17240BA8-597D-49AA-9A3D-9F29616001F0}.Debug|Any CPU.Build.0 = Debug|Any CPU
		{17240BA8-597D-49AA-9A3D-9F29616001F0}.Prod|Any CPU.ActiveCfg = Prod|Any CPU
		{17240BA8-597D-49AA-9A3D-9F29616001F0}.Prod|Any CPU.Build.0 = Prod|Any CPU
		{17240BA8-597D-49AA-9A3D-9F29616001F0}.Release|Any CPU.ActiveCfg = Release|Any CPU
		{17240BA8-597D-49AA-9A3D-9F29616001F0}.Release|Any CPU.Build.0 = Release|Any CPU
		{17240BA8-597D-49AA-9A3D-9F29616001F0}.Test|Any CPU.ActiveCfg = Test|Any CPU
		{17240BA8-597D-49AA-9A3D-9F29616001F0}.Test|Any CPU.Build.0 = Test|Any CPU
	EndGlobalSection
	GlobalSection(SolutionProperties) = preSolution
		HideSolutionNode = FALSE
	EndGlobalSection
	GlobalSection(ExtensibilityGlobals) = postSolution
		SolutionGuid = {2CA550A3-756A-4EBA-89BF-D443C2478C80}
	EndGlobalSection
EndGlobal
